
Microsoft Visual Studio Solution File, Format Version 12.00
# Visual Studio Version 17
VisualStudioVersion = 17.5.33530.505
MinimumVisualStudioVersion = 10.0.40219.1
Project("{9A19103F-16F7-4668-BE54-9A1E7A4F7556}") = "SerializationTask", "SerializationTask\SerializationTask.csproj", "{2D630A16-FF56-45F8-950D-91D7A62326BE}"
EndProject
Global
	GlobalSection(SolutionConfigurationPlatforms) = preSolution
		Debug|Any CPU = Debug|Any CPU
		Release|Any CPU = Release|Any CPU
	EndGlobalSection
	GlobalSection(ProjectConfigurationPlatforms) = postSolution
		{2D630A16-FF56-45F8-950D-91D7A62326BE}.Debug|Any CPU.ActiveCfg = Debug|Any CPU
		{2D630A16-FF56-45F8-950D-91D7A62326BE}.Debug|Any CPU.Build.0 = Debug|Any CPU
		{2D630A16-FF56-45F8-950D-91D7A62326BE}.Release|Any CPU.ActiveCfg = Release|Any CPU
		{2D630A16-FF56-45F8-950D-91D7A62326BE}.Release|Any CPU.Build.0 = Release|Any CPU
	EndGlobalSection
	GlobalSection(SolutionProperties) = preSolution
		HideSolutionNode = FALSE
	EndGlobalSection
	GlobalSection(ExtensibilityGlobals) = postSolution
		SolutionGuid = {0AD84C75-65A7-4F2B-A0F0-EF9AF5BAEA4F}
	EndGlobalSection
EndGlobal
